<?xml version="1.0" encoding="utf-8"?>
<Project ToolsVersion="4.0" xmlns="http://schemas.microsoft.com/developer/msbuild/2003">
  <ItemGroup>
    <Filter Include="Source Files">
      <UniqueIdentifier>{1aae2b1a-1620-4d9c-9ea9-82e71ae30c97}</UniqueIdentifier>
      <Extensions>cpp;c;cxx;rc;def;r;odl;idl;hpj;bat</Extensions>
    </Filter>
    <Filter Include="Header Files">
      <UniqueIdentifier>{02b33d04-9fd2-477a-b27b-6c9252fed806}</UniqueIdentifier>
      <Extensions>h;hpp;hxx;hm;inl</Extensions>
    </Filter>
  </ItemGroup>
  <ItemGroup>
    <ClCompile Include="..\qtools\qbuffer.cpp">
      <Filter>Source Files</Filter>
    </ClCompile>
    <ClCompile Include="..\qtools\qcollection.cpp">
      <Filter>Source Files</Filter>
    </ClCompile>
    <ClCompile Include="..\qtools\qdatastream.cpp">
      <Filter>Source Files</Filter>
    </ClCompile>
    <ClCompile Include="..\qtools\qdatetime.cpp">
      <Filter>Source Files</Filter>
    </ClCompile>
    <ClCompile Include="..\qtools\qdir.cpp">
      <Filter>Source Files</Filter>
    </ClCompile>
    <ClCompile Include="..\qtools\qdir_win32.cpp">
      <Filter>Source Files</Filter>
    </ClCompile>
    <ClCompile Include="..\qtools\qfile.cpp">
      <Filter>Source Files</Filter>
    </ClCompile>
    <ClCompile Include="..\qtools\qfile_win32.cpp">
      <Filter>Source Files</Filter>
    </ClCompile>
    <ClCompile Include="..\qtools\qfileinfo.cpp">
      <Filter>Source Files</Filter>
    </ClCompile>
    <ClCompile Include="..\qtools\qfileinfo_win32.cpp">
      <Filter>Source Files</Filter>
    </ClCompile>
    <ClCompile Include="..\qtools\qgarray.cpp">
      <Filter>Source Files</Filter>
    </ClCompile>
    <ClCompile Include="..\qtools\qgcache.cpp">
      <Filter>Source Files</Filter>
    </ClCompile>
    <ClCompile Include="..\qtools\qgdict.cpp">
      <Filter>Source Files</Filter>
    </ClCompile>
    <ClCompile Include="..\qtools\qglist.cpp">
      <Filter>Source Files</Filter>
    </ClCompile>
    <ClCompile Include="..\qtools\qglobal.cpp">
      <Filter>Source Files</Filter>
    </ClCompile>
    <ClCompile Include="..\qtools\qgstring.cpp">
      <Filter>Source Files</Filter>
    </ClCompile>
    <ClCompile Include="..\qtools\qgvector.cpp">
      <Filter>Source Files</Filter>
    </ClCompile>
    <ClCompile Include="..\qtools\qiodevice.cpp">
      <Filter>Source Files</Filter>
    </ClCompile>
    <ClCompile Include="..\qtools\qmap.cpp">
      <Filter>Source Files</Filter>
    </ClCompile>
    <ClCompile Include="..\qtools\qmutex.cpp">
      <Filter>Source Files</Filter>
    </ClCompile>
    <ClCompile Include="..\qtools\qmutex_win32.cpp">
      <Filter>Source Files</Filter>
    </ClCompile>
    <ClCompile Include="..\qtools\qregexp.cpp">
      <Filter>Source Files</Filter>
    </ClCompile>
    <ClCompile Include="..\qtools\qstring.cpp">
      <Filter>Source Files</Filter>
    </ClCompile>
    <ClCompile Include="..\qtools\qstringlist.cpp">
      <Filter>Source Files</Filter>
    </ClCompile>
    <ClCompile Include="..\qtools\qtextcodec.cpp">
      <Filter>Source Files</Filter>
    </ClCompile>
    <ClCompile Include="..\qtools\qtextstream.cpp">
      <Filter>Source Files</Filter>
    </ClCompile>
    <ClCompile Include="..\qtools\qthread.cpp">
      <Filter>Source Files</Filter>
    </ClCompile>
    <ClCompile Include="..\qtools\qthread_win32.cpp">
      <Filter>Source Files</Filter>
    </ClCompile>
    <ClCompile Include="..\qtools\qutfcodec.cpp">
      <Filter>Source Files</Filter>
    </ClCompile>
    <ClCompile Include="..\qtools\qwaitcondition_win32.cpp">
      <Filter>Source Files</Filter>
    </ClCompile>
    <ClCompile Include="..\qtools\qxml.cpp">
      <Filter>Source Files</Filter>
    </ClCompile>
    <ClCompile Include="..\qtools\qcstring.cpp">
      <Filter>Source Files</Filter>
    </ClCompile>
  </ItemGroup>
  <ItemGroup>
    <ClInclude Include="..\qtools\qarray.h">
      <Filter>Header Files</Filter>
    </ClInclude>
    <ClInclude Include="..\qtools\qasciidict.h">
      <Filter>Header Files</Filter>
    </ClInclude>
    <ClInclude Include="..\qtools\qbuffer.h">
      <Filter>Header Files</Filter>
    </ClInclude>
    <ClInclude Include="..\qtools\qcache.h">
      <Filter>Header Files</Filter>
    </ClInclude>
    <ClInclude Include="..\qtools\qcollection.h">
      <Filter>Header Files</Filter>
    </ClInclude>
    <ClInclude Include="..\qtools\qconfig.h">
      <Filter>Header Files</Filter>
    </ClInclude>
    <ClInclude Include="..\qtools\qcstring.h">
      <Filter>Header Files</Filter>
    </ClInclude>
    <ClInclude Include="..\qtools\qdatastream.h">
      <Filter>Header Files</Filter>
    </ClInclude>
    <ClInclude Include="..\qtools\qdatetime.h">
      <Filter>Header Files</Filter>
    </ClInclude>
    <ClInclude Include="..\qtools\qdict.h">
      <Filter>Header Files</Filter>
    </ClInclude>
    <ClInclude Include="..\qtools\qdir.h">
      <Filter>Header Files</Filter>
    </ClInclude>
    <ClInclude Include="..\qtools\qfeatures.h">
      <Filter>Header Files</Filter>
    </ClInclude>
    <ClInclude Include="..\qtools\qfile.h">
      <Filter>Header Files</Filter>
    </ClInclude>
    <ClInclude Include="..\qtools\qfiledefs_p.h">
      <Filter>Header Files</Filter>
    </ClInclude>
    <ClInclude Include="..\qtools\qfileinfo.h">
      <Filter>Header Files</Filter>
    </ClInclude>
    <ClInclude Include="..\qtools\qgarray.h">
      <Filter>Header Files</Filter>
    </ClInclude>
    <ClInclude Include="..\qtools\qgcache.h">
      <Filter>Header Files</Filter>
    </ClInclude>
    <ClInclude Include="..\qtools\qgdict.h">
      <Filter>Header Files</Filter>
    </ClInclude>
    <ClInclude Include="..\qtools\qgeneric.h">
      <Filter>Header Files</Filter>
    </ClInclude>
    <ClInclude Include="..\qtools\qglist.h">
      <Filter>Header Files</Filter>
    </ClInclude>
    <ClInclude Include="..\qtools\qglobal.h">
      <Filter>Header Files</Filter>
    </ClInclude>
    <ClInclude Include="..\qtools\qgstring.h">
      <Filter>Header Files</Filter>
    </ClInclude>
    <ClInclude Include="..\qtools\qgvector.h">
      <Filter>Header Files</Filter>
    </ClInclude>
    <ClInclude Include="..\qtools\qintdict.h">
      <Filter>Header Files</Filter>
    </ClInclude>
    <ClInclude Include="..\qtools\qiodevice.h">
      <Filter>Header Files</Filter>
    </ClInclude>
    <ClInclude Include="..\qtools\qlist.h">
      <Filter>Header Files</Filter>
    </ClInclude>
    <ClInclude Include="..\qtools\qmap.h">
      <Filter>Header Files</Filter>
    </ClInclude>
    <ClInclude Include="..\qtools\qmodules.h">
      <Filter>Header Files</Filter>
    </ClInclude>
    <ClInclude Include="..\qtools\qmutex.h">
      <Filter>Header Files</Filter>
    </ClInclude>
    <ClInclude Include="..\qtools\qmutex_p.h">
      <Filter>Header Files</Filter>
    </ClInclude>
    <ClInclude Include="..\qtools\qptrdict.h">
      <Filter>Header Files</Filter>
    </ClInclude>
    <ClInclude Include="..\qtools\qqueue.h">
      <Filter>Header Files</Filter>
    </ClInclude>
    <ClInclude Include="..\qtools\qregexp.h">
      <Filter>Header Files</Filter>
    </ClInclude>
    <ClInclude Include="..\qtools\qshared.h">
      <Filter>Header Files</Filter>
    </ClInclude>
    <ClInclude Include="..\qtools\qsortedlist.h">
      <Filter>Header Files</Filter>
    </ClInclude>
    <ClInclude Include="..\qtools\qstack.h">
      <Filter>Header Files</Filter>
    </ClInclude>
    <ClInclude Include="..\qtools\qstring.h">
      <Filter>Header Files</Filter>
    </ClInclude>
    <ClInclude Include="..\qtools\qstringlist.h">
      <Filter>Header Files</Filter>
    </ClInclude>
    <ClInclude Include="..\qtools\qstrlist.h">
      <Filter>Header Files</Filter>
    </ClInclude>
    <ClInclude Include="..\qtools\qstrvec.h">
      <Filter>Header Files</Filter>
    </ClInclude>
    <ClInclude Include="..\qtools\qtextcodec.h">
      <Filter>Header Files</Filter>
    </ClInclude>
    <ClInclude Include="..\qtools\qtextstream.h">
      <Filter>Header Files</Filter>
    </ClInclude>
    <ClInclude Include="..\qtools\qthread.h">
      <Filter>Header Files</Filter>
    </ClInclude>
    <ClInclude Include="..\qtools\qthread_p.h">
      <Filter>Header Files</Filter>
    </ClInclude>
    <ClInclude Include="..\qtools\qtl.h">
      <Filter>Header Files</Filter>
    </ClInclude>
    <ClInclude Include="..\qtools\qutfcodec.h">
      <Filter>Header Files</Filter>
    </ClInclude>
    <ClInclude Include="..\qtools\qvaluelist.h">
      <Filter>Header Files</Filter>
    </ClInclude>
    <ClInclude Include="..\qtools\qvaluestack.h">
      <Filter>Header Files</Filter>
    </ClInclude>
    <ClInclude Include="..\qtools\qvector.h">
      <Filter>Header Files</Filter>
    </ClInclude>
    <ClInclude Include="..\qtools\qwaitcondition.h">
      <Filter>Header Files</Filter>
    </ClInclude>
    <ClInclude Include="..\qtools\qxml.h">
      <Filter>Header Files</Filter>
    </ClInclude>
  </ItemGroup>
</Project>